// !$*UTF8*$!
{
	archiveVersion = 1;
	classes = {
	};
	objectVersion = 48;
	objects = {

/* Begin PBXBuildFile section */
		93F17CE19E192A4D2123BAC4 /* Pods_InstagramClone.framework in Frameworks */ = {isa = PBXBuildFile; fileRef = F228D1F0B539C515EB0A6B8F /* Pods_InstagramClone.framework */; };
		AD215F16205DA9B6000E42AD /* Extensions.swift in Sources */ = {isa = PBXBuildFile; fileRef = AD215F15205DA9B6000E42AD /* Extensions.swift */; };
		AD215F18205DCC59000E42AD /* GoogleService-Info.plist in Resources */ = {isa = PBXBuildFile; fileRef = AD215F17205DCC59000E42AD /* GoogleService-Info.plist */; };
		AD2A2CB1205C88DE0023D5C8 /* AppDelegate.swift in Sources */ = {isa = PBXBuildFile; fileRef = AD2A2CB0205C88DE0023D5C8 /* AppDelegate.swift */; };
		AD2A2CB3205C88DE0023D5C8 /* SignUpController.swift in Sources */ = {isa = PBXBuildFile; fileRef = AD2A2CB2205C88DE0023D5C8 /* SignUpController.swift */; };
		AD2A2CB8205C88DE0023D5C8 /* Assets.xcassets in Resources */ = {isa = PBXBuildFile; fileRef = AD2A2CB7205C88DE0023D5C8 /* Assets.xcassets */; };
		AD2A2CBB205C88DE0023D5C8 /* LaunchScreen.storyboard in Resources */ = {isa = PBXBuildFile; fileRef = AD2A2CB9205C88DE0023D5C8 /* LaunchScreen.storyboard */; };
		AD32DEC5210BEF6F002F4973 /* PhotoSelectorController.swift in Sources */ = {isa = PBXBuildFile; fileRef = AD32DEC4210BEF6F002F4973 /* PhotoSelectorController.swift */; };
		AD32DEC7210C0995002F4973 /* PhotoSelectorCell.swift in Sources */ = {isa = PBXBuildFile; fileRef = AD32DEC6210C0995002F4973 /* PhotoSelectorCell.swift */; };
		AD32DEC9210C10A0002F4973 /* PhotoSelectorHeader.swift in Sources */ = {isa = PBXBuildFile; fileRef = AD32DEC8210C10A0002F4973 /* PhotoSelectorHeader.swift */; };
		AD32DECB210C18E6002F4973 /* SharePhotoController.swift in Sources */ = {isa = PBXBuildFile; fileRef = AD32DECA210C18E6002F4973 /* SharePhotoController.swift */; };
		AD4D8CEC2060634600A49BA4 /* MainTabBarController.swift in Sources */ = {isa = PBXBuildFile; fileRef = AD4D8CEB2060634600A49BA4 /* MainTabBarController.swift */; };
		AD4D8CEE2060648B00A49BA4 /* UserProfileController.swift in Sources */ = {isa = PBXBuildFile; fileRef = AD4D8CED2060648B00A49BA4 /* UserProfileController.swift */; };
		AD4D8CF12060827500A49BA4 /* UserProfileHeader.swift in Sources */ = {isa = PBXBuildFile; fileRef = AD4D8CF02060827500A49BA4 /* UserProfileHeader.swift */; };
		AD4D8CF42060A70E00A49BA4 /* LoginController.swift in Sources */ = {isa = PBXBuildFile; fileRef = AD4D8CF32060A70E00A49BA4 /* LoginController.swift */; };
/* End PBXBuildFile section */

/* Begin PBXFileReference section */
		09578B8F3D737CD5AC684ECA /* Pods-InstagramClone.release.xcconfig */ = {isa = PBXFileReference; includeInIndex = 1; lastKnownFileType = text.xcconfig; name = "Pods-InstagramClone.release.xcconfig"; path = "Pods/Target Support Files/Pods-InstagramClone/Pods-InstagramClone.release.xcconfig"; sourceTree = "<group>"; };
		AD215F15205DA9B6000E42AD /* Extensions.swift */ = {isa = PBXFileReference; lastKnownFileType = sourcecode.swift; path = Extensions.swift; sourceTree = "<group>"; };
		AD215F17205DCC59000E42AD /* GoogleService-Info.plist */ = {isa = PBXFileReference; fileEncoding = 4; lastKnownFileType = text.plist.xml; path = "GoogleService-Info.plist"; sourceTree = "<group>"; };
		AD2A2CAD205C88DE0023D5C8 /* InstagramClone.app */ = {isa = PBXFileReference; explicitFileType = wrapper.application; includeInIndex = 0; path = InstagramClone.app; sourceTree = BUILT_PRODUCTS_DIR; };
		AD2A2CB0205C88DE0023D5C8 /* AppDelegate.swift */ = {isa = PBXFileReference; lastKnownFileType = sourcecode.swift; path = AppDelegate.swift; sourceTree = "<group>"; };
		AD2A2CB2205C88DE0023D5C8 /* SignUpController.swift */ = {isa = PBXFileReference; lastKnownFileType = sourcecode.swift; path = SignUpController.swift; sourceTree = "<group>"; };
		AD2A2CB7205C88DE0023D5C8 /* Assets.xcassets */ = {isa = PBXFileReference; lastKnownFileType = folder.assetcatalog; path = Assets.xcassets; sourceTree = "<group>"; };
		AD2A2CBA205C88DE0023D5C8 /* Base */ = {isa = PBXFileReference; lastKnownFileType = file.storyboard; name = Base; path = Base.lproj/LaunchScreen.storyboard; sourceTree = "<group>"; };
		AD2A2CBC205C88DE0023D5C8 /* Info.plist */ = {isa = PBXFileReference; lastKnownFileType = text.plist.xml; path = Info.plist; sourceTree = "<group>"; };
		AD32DEC4210BEF6F002F4973 /* PhotoSelectorController.swift */ = {isa = PBXFileReference; lastKnownFileType = sourcecode.swift; path = PhotoSelectorController.swift; sourceTree = "<group>"; };
		AD32DEC6210C0995002F4973 /* PhotoSelectorCell.swift */ = {isa = PBXFileReference; lastKnownFileType = sourcecode.swift; path = PhotoSelectorCell.swift; sourceTree = "<group>"; };
		AD32DEC8210C10A0002F4973 /* PhotoSelectorHeader.swift */ = {isa = PBXFileReference; lastKnownFileType = sourcecode.swift; path = PhotoSelectorHeader.swift; sourceTree = "<group>"; };
		AD32DECA210C18E6002F4973 /* SharePhotoController.swift */ = {isa = PBXFileReference; lastKnownFileType = sourcecode.swift; path = SharePhotoController.swift; sourceTree = "<group>"; };
		AD4D8CEB2060634600A49BA4 /* MainTabBarController.swift */ = {isa = PBXFileReference; lastKnownFileType = sourcecode.swift; path = MainTabBarController.swift; sourceTree = "<group>"; };
		AD4D8CED2060648B00A49BA4 /* UserProfileController.swift */ = {isa = PBXFileReference; lastKnownFileType = sourcecode.swift; path = UserProfileController.swift; sourceTree = "<group>"; };
		AD4D8CF02060827500A49BA4 /* UserProfileHeader.swift */ = {isa = PBXFileReference; lastKnownFileType = sourcecode.swift; path = UserProfileHeader.swift; sourceTree = "<group>"; };
		AD4D8CF32060A70E00A49BA4 /* LoginController.swift */ = {isa = PBXFileReference; lastKnownFileType = sourcecode.swift; path = LoginController.swift; sourceTree = "<group>"; };
		E9B269287FF796F4A8BA3F80 /* Pods-InstagramClone.debug.xcconfig */ = {isa = PBXFileReference; includeInIndex = 1; lastKnownFileType = text.xcconfig; name = "Pods-InstagramClone.debug.xcconfig"; path = "Pods/Target Support Files/Pods-InstagramClone/Pods-InstagramClone.debug.xcconfig"; sourceTree = "<group>"; };
		F228D1F0B539C515EB0A6B8F /* Pods_InstagramClone.framework */ = {isa = PBXFileReference; explicitFileType = wrapper.framework; includeInIndex = 0; path = Pods_InstagramClone.framework; sourceTree = BUILT_PRODUCTS_DIR; };
/* End PBXFileReference section */

/* Begin PBXFrameworksBuildPhase section */
		AD2A2CAA205C88DE0023D5C8 /* Frameworks */ = {
			isa = PBXFrameworksBuildPhase;
			buildActionMask = 2147483647;
			files = (
				93F17CE19E192A4D2123BAC4 /* Pods_InstagramClone.framework in Frameworks */,
			);
			runOnlyForDeploymentPostprocessing = 0;
		};
/* End PBXFrameworksBuildPhase section */

/* Begin PBXGroup section */
		04009A40F60E05C6AA80D182 /* Frameworks */ = {
			isa = PBXGroup;
			children = (
				F228D1F0B539C515EB0A6B8F /* Pods_InstagramClone.framework */,
			);
			name = Frameworks;
			sourceTree = "<group>";
		};
		354EB8B59B9FB83F5FDFE2F9 /* Pods */ = {
			isa = PBXGroup;
			children = (
				E9B269287FF796F4A8BA3F80 /* Pods-InstagramClone.debug.xcconfig */,
				09578B8F3D737CD5AC684ECA /* Pods-InstagramClone.release.xcconfig */,
			);
			name = Pods;
			sourceTree = "<group>";
		};
		AD215F14205DA991000E42AD /* Utilities */ = {
			isa = PBXGroup;
			children = (
			);
			path = Utilities;
			sourceTree = "<group>";
		};
		AD2A2CA4205C88DE0023D5C8 = {
			isa = PBXGroup;
			children = (
				AD2A2CAF205C88DE0023D5C8 /* InstagramClone */,
				AD2A2CAE205C88DE0023D5C8 /* Products */,
				354EB8B59B9FB83F5FDFE2F9 /* Pods */,
				04009A40F60E05C6AA80D182 /* Frameworks */,
			);
			sourceTree = "<group>";
		};
		AD2A2CAE205C88DE0023D5C8 /* Products */ = {
			isa = PBXGroup;
			children = (
				AD2A2CAD205C88DE0023D5C8 /* InstagramClone.app */,
			);
			name = Products;
			sourceTree = "<group>";
		};
		AD2A2CAF205C88DE0023D5C8 /* InstagramClone */ = {
			isa = PBXGroup;
			children = (
				AD32DEC3210BEF59002F4973 /* AddPhoto */,
				AD2A2CB0205C88DE0023D5C8 /* AppDelegate.swift */,
				AD4D8CEB2060634600A49BA4 /* MainTabBarController.swift */,
				AD4D8CF22060A70000A49BA4 /* Login */,
				AD4D8CF32060A70E00A49BA4 /* LoginController.swift */,
				AD2A2CB2205C88DE0023D5C8 /* SignUpController.swift */,
				AD4D8CEF2060826800A49BA4 /* UserProfile */,
				AD4D8CED2060648B00A49BA4 /* UserProfileController.swift */,
				AD4D8CF02060827500A49BA4 /* UserProfileHeader.swift */,
				AD215F14205DA991000E42AD /* Utilities */,
				AD215F15205DA9B6000E42AD /* Extensions.swift */,
				AD2A2CB7205C88DE0023D5C8 /* Assets.xcassets */,
				AD2A2CB9205C88DE0023D5C8 /* LaunchScreen.storyboard */,
				AD32DEC2210BDB1D002F4973 /* Supporting Files */,
			);
			path = InstagramClone;
			sourceTree = "<group>";
		};
		AD32DEC2210BDB1D002F4973 /* Supporting Files */ = {
			isa = PBXGroup;
			children = (
				AD2A2CBC205C88DE0023D5C8 /* Info.plist */,
				AD215F17205DCC59000E42AD /* GoogleService-Info.plist */,
			);
			name = "Supporting Files";
			sourceTree = "<group>";
		};
		AD32DEC3210BEF59002F4973 /* AddPhoto */ = {
			isa = PBXGroup;
			children = (
				AD32DEC4210BEF6F002F4973 /* PhotoSelectorController.swift */,
				AD32DEC6210C0995002F4973 /* PhotoSelectorCell.swift */,
				AD32DEC8210C10A0002F4973 /* PhotoSelectorHeader.swift */,
				AD32DECA210C18E6002F4973 /* SharePhotoController.swift */,
			);
			path = AddPhoto;
			sourceTree = "<group>";
		};
		AD4D8CEF2060826800A49BA4 /* UserProfile */ = {
			isa = PBXGroup;
			children = (
			);
			path = UserProfile;
			sourceTree = "<group>";
		};
		AD4D8CF22060A70000A49BA4 /* Login */ = {
			isa = PBXGroup;
			children = (
			);
			path = Login;
			sourceTree = "<group>";
		};
/* End PBXGroup section */

/* Begin PBXNativeTarget section */
		AD2A2CAC205C88DE0023D5C8 /* InstagramClone */ = {
			isa = PBXNativeTarget;
			buildConfigurationList = AD2A2CBF205C88DE0023D5C8 /* Build configuration list for PBXNativeTarget "InstagramClone" */;
			buildPhases = (
				17E22878418D50CA1C2B39B6 /* [CP] Check Pods Manifest.lock */,
				AD2A2CA9205C88DE0023D5C8 /* Sources */,
				AD2A2CAA205C88DE0023D5C8 /* Frameworks */,
				AD2A2CAB205C88DE0023D5C8 /* Resources */,
				4EC4568FA215CC5B0AC33863 /* [CP] Embed Pods Frameworks */,
			);
			buildRules = (
			);
			dependencies = (
			);
			name = InstagramClone;
			productName = InstagramClone;
			productReference = AD2A2CAD205C88DE0023D5C8 /* InstagramClone.app */;
			productType = "com.apple.product-type.application";
		};
/* End PBXNativeTarget section */

/* Begin PBXProject section */
		AD2A2CA5205C88DE0023D5C8 /* Project object */ = {
			isa = PBXProject;
			attributes = {
				LastSwiftUpdateCheck = 0920;
				LastUpgradeCheck = 0940;
				ORGANIZATIONNAME = "Mac Gallagher";
				TargetAttributes = {
					AD2A2CAC205C88DE0023D5C8 = {
						CreatedOnToolsVersion = 9.2;
						ProvisioningStyle = Automatic;
					};
				};
			};
			buildConfigurationList = AD2A2CA8205C88DE0023D5C8 /* Build configuration list for PBXProject "InstagramClone" */;
			compatibilityVersion = "Xcode 8.0";
			developmentRegion = en;
			hasScannedForEncodings = 0;
			knownRegions = (
				en,
				Base,
			);
			mainGroup = AD2A2CA4205C88DE0023D5C8;
			productRefGroup = AD2A2CAE205C88DE0023D5C8 /* Products */;
			projectDirPath = "";
			projectRoot = "";
			targets = (
				AD2A2CAC205C88DE0023D5C8 /* InstagramClone */,
			);
		};
/* End PBXProject section */

/* Begin PBXResourcesBuildPhase section */
		AD2A2CAB205C88DE0023D5C8 /* Resources */ = {
			isa = PBXResourcesBuildPhase;
			buildActionMask = 2147483647;
			files = (
				AD2A2CBB205C88DE0023D5C8 /* LaunchScreen.storyboard in Resources */,
				AD2A2CB8205C88DE0023D5C8 /* Assets.xcassets in Resources */,
				AD215F18205DCC59000E42AD /* GoogleService-Info.plist in Resources */,
			);
			runOnlyForDeploymentPostprocessing = 0;
		};
/* End PBXResourcesBuildPhase section */

/* Begin PBXShellScriptBuildPhase section */
		17E22878418D50CA1C2B39B6 /* [CP] Check Pods Manifest.lock */ = {
			isa = PBXShellScriptBuildPhase;
			buildActionMask = 2147483647;
			files = (
			);
			inputPaths = (
				"${PODS_PODFILE_DIR_PATH}/Podfile.lock",
				"${PODS_ROOT}/Manifest.lock",
			);
			name = "[CP] Check Pods Manifest.lock";
			outputPaths = (
				"$(DERIVED_FILE_DIR)/Pods-InstagramClone-checkManifestLockResult.txt",
			);
			runOnlyForDeploymentPostprocessing = 0;
			shellPath = /bin/sh;
			shellScript = "diff \"${PODS_PODFILE_DIR_PATH}/Podfile.lock\" \"${PODS_ROOT}/Manifest.lock\" > /dev/null\nif [ $? != 0 ] ; then\n    # print error to STDERR\n    echo \"error: The sandbox is not in sync with the Podfile.lock. Run 'pod install' or update your CocoaPods installation.\" >&2\n    exit 1\nfi\n# This output is used by Xcode 'outputs' to avoid re-running this script phase.\necho \"SUCCESS\" > \"${SCRIPT_OUTPUT_FILE_0}\"\n";
			showEnvVarsInLog = 0;
		};
		4EC4568FA215CC5B0AC33863 /* [CP] Embed Pods Frameworks */ = {
			isa = PBXShellScriptBuildPhase;
			buildActionMask = 2147483647;
			files = (
			);
			inputPaths = (
				"${SRCROOT}/Pods/Target Support Files/Pods-InstagramClone/Pods-InstagramClone-frameworks.sh",
				"${BUILT_PRODUCTS_DIR}/GTMSessionFetcher/GTMSessionFetcher.framework",
				"${BUILT_PRODUCTS_DIR}/GoogleToolboxForMac/GoogleToolboxForMac.framework",
				"${BUILT_PRODUCTS_DIR}/leveldb-library/leveldb.framework",
				"${BUILT_PRODUCTS_DIR}/nanopb/nanopb.framework",
			);
			name = "[CP] Embed Pods Frameworks";
			outputPaths = (
				"${TARGET_BUILD_DIR}/${FRAMEWORKS_FOLDER_PATH}/GTMSessionFetcher.framework",
				"${TARGET_BUILD_DIR}/${FRAMEWORKS_FOLDER_PATH}/GoogleToolboxForMac.framework",
				"${TARGET_BUILD_DIR}/${FRAMEWORKS_FOLDER_PATH}/leveldb.framework",
				"${TARGET_BUILD_DIR}/${FRAMEWORKS_FOLDER_PATH}/nanopb.framework",
			);
			runOnlyForDeploymentPostprocessing = 0;
			shellPath = /bin/sh;
			shellScript = "\"${SRCROOT}/Pods/Target Support Files/Pods-InstagramClone/Pods-InstagramClone-frameworks.sh\"\n";
			showEnvVarsInLog = 0;
		};
/* End PBXShellScriptBuildPhase section */

/* Begin PBXSourcesBuildPhase section */
		AD2A2CA9205C88DE0023D5C8 /* Sources */ = {
			isa = PBXSourcesBuildPhase;
			buildActionMask = 2147483647;
			files = (
				AD32DECB210C18E6002F4973 /* SharePhotoController.swift in Sources */,
				AD2A2CB3205C88DE0023D5C8 /* SignUpController.swift in Sources */,
				AD32DEC7210C0995002F4973 /* PhotoSelectorCell.swift in Sources */,
				AD215F16205DA9B6000E42AD /* Extensions.swift in Sources */,
				AD4D8CEC2060634600A49BA4 /* MainTabBarController.swift in Sources */,
				AD4D8CF12060827500A49BA4 /* UserProfileHeader.swift in Sources */,
				AD4D8CEE2060648B00A49BA4 /* UserProfileController.swift in Sources */,
				AD2A2CB1205C88DE0023D5C8 /* AppDelegate.swift in Sources */,
				AD4D8CF42060A70E00A49BA4 /* LoginController.swift in Sources */,
				AD32DEC9210C10A0002F4973 /* PhotoSelectorHeader.swift in Sources */,
				AD32DEC5210BEF6F002F4973 /* PhotoSelectorController.swift in Sources */,
			);
			runOnlyForDeploymentPostprocessing = 0;
		};
/* End PBXSourcesBuildPhase section */

/* Begin PBXVariantGroup section */
		AD2A2CB9205C88DE0023D5C8 /* LaunchScreen.storyboard */ = {
			isa = PBXVariantGroup;
			children = (
				AD2A2CBA205C88DE0023D5C8 /* Base */,
			);
			name = LaunchScreen.storyboard;
			sourceTree = "<group>";
		};
/* End PBXVariantGroup section */

/* Begin XCBuildConfiguration section */
		AD2A2CBD205C88DE0023D5C8 /* Debug */ = {
			isa = XCBuildConfiguration;
			buildSettings = {
				ALWAYS_SEARCH_USER_PATHS = NO;
				CLANG_ANALYZER_NONNULL = YES;
				CLANG_ANALYZER_NUMBER_OBJECT_CONVERSION = YES_AGGRESSIVE;
				CLANG_CXX_LANGUAGE_STANDARD = "gnu++14";
				CLANG_CXX_LIBRARY = "libc++";
				CLANG_ENABLE_MODULES = YES;
				CLANG_ENABLE_OBJC_ARC = YES;
				CLANG_WARN_BLOCK_CAPTURE_AUTORELEASING = YES;
				CLANG_WARN_BOOL_CONVERSION = YES;
				CLANG_WARN_COMMA = YES;
				CLANG_WARN_CONSTANT_CONVERSION = YES;
				CLANG_WARN_DEPRECATED_OBJC_IMPLEMENTATIONS = YES;
				CLANG_WARN_DIRECT_OBJC_ISA_USAGE = YES_ERROR;
				CLANG_WARN_DOCUMENTATION_COMMENTS = YES;
				CLANG_WARN_EMPTY_BODY = YES;
				CLANG_WARN_ENUM_CONVERSION = YES;
				CLANG_WARN_INFINITE_RECURSION = YES;
				CLANG_WARN_INT_CONVERSION = YES;
				CLANG_WARN_NON_LITERAL_NULL_CONVERSION = YES;
				CLANG_WARN_OBJC_IMPLICIT_RETAIN_SELF = YES;
				CLANG_WARN_OBJC_LITERAL_CONVERSION = YES;
				CLANG_WARN_OBJC_ROOT_CLASS = YES_ERROR;
				CLANG_WARN_RANGE_LOOP_ANALYSIS = YES;
				CLANG_WARN_STRICT_PROTOTYPES = YES;
				CLANG_WARN_SUSPICIOUS_MOVE = YES;
				CLANG_WARN_UNGUARDED_AVAILABILITY = YES_AGGRESSIVE;
				CLANG_WARN_UNREACHABLE_CODE = YES;
				CLANG_WARN__DUPLICATE_METHOD_MATCH = YES;
				CODE_SIGN_IDENTITY = "iPhone Developer";
				COPY_PHASE_STRIP = NO;
				DEBUG_INFORMATION_FORMAT = dwarf;
				ENABLE_STRICT_OBJC_MSGSEND = YES;
				ENABLE_TESTABILITY = YES;
				GCC_C_LANGUAGE_STANDARD = gnu11;
				GCC_DYNAMIC_NO_PIC = NO;
				GCC_NO_COMMON_BLOCKS = YES;
				GCC_OPTIMIZATION_LEVEL = 0;
				GCC_PREPROCESSOR_DEFINITIONS = (
					"DEBUG=1",
					"$(inherited)",
				);
				GCC_WARN_64_TO_32_BIT_CONVERSION = YES;
				GCC_WARN_ABOUT_RETURN_TYPE = YES_ERROR;
				GCC_WARN_UNDECLARED_SELECTOR = YES;
				GCC_WARN_UNINITIALIZED_AUTOS = YES_AGGRESSIVE;
				GCC_WARN_UNUSED_FUNCTION = YES;
				GCC_WARN_UNUSED_VARIABLE = YES;
				IPHONEOS_DEPLOYMENT_TARGET = 11.2;
				MTL_ENABLE_DEBUG_INFO = YES;
				ONLY_ACTIVE_ARCH = YES;
				SDKROOT = iphoneos;
				SWIFT_ACTIVE_COMPILATION_CONDITIONS = DEBUG;
				SWIFT_OPTIMIZATION_LEVEL = "-Onone";
			};
			name = Debug;
		};
		AD2A2CBE205C88DE0023D5C8 /* Release */ = {
			isa = XCBuildConfiguration;
			buildSettings = {
				ALWAYS_SEARCH_USER_PATHS = NO;
				CLANG_ANALYZER_NONNULL = YES;
				CLANG_ANALYZER_NUMBER_OBJECT_CONVERSION = YES_AGGRESSIVE;
				CLANG_CXX_LANGUAGE_STANDARD = "gnu++14";
				CLANG_CXX_LIBRARY = "libc++";
				CLANG_ENABLE_MODULES = YES;
				CLANG_ENABLE_OBJC_ARC = YES;
				CLANG_WARN_BLOCK_CAPTURE_AUTORELEASING = YES;
				CLANG_WARN_BOOL_CONVERSION = YES;
				CLANG_WARN_COMMA = YES;
				CLANG_WARN_CONSTANT_CONVERSION = YES;
				CLANG_WARN_DEPRECATED_OBJC_IMPLEMENTATIONS = YES;
				CLANG_WARN_DIRECT_OBJC_ISA_USAGE = YES_ERROR;
				CLANG_WARN_DOCUMENTATION_COMMENTS = YES;
				CLANG_WARN_EMPTY_BODY = YES;
				CLANG_WARN_ENUM_CONVERSION = YES;
				CLANG_WARN_INFINITE_RECURSION = YES;
				CLANG_WARN_INT_CONVERSION = YES;
				CLANG_WARN_NON_LITERAL_NULL_CONVERSION = YES;
				CLANG_WARN_OBJC_IMPLICIT_RETAIN_SELF = YES;
				CLANG_WARN_OBJC_LITERAL_CONVERSION = YES;
				CLANG_WARN_OBJC_ROOT_CLASS = YES_ERROR;
				CLANG_WARN_RANGE_LOOP_ANALYSIS = YES;
				CLANG_WARN_STRICT_PROTOTYPES = YES;
				CLANG_WARN_SUSPICIOUS_MOVE = YES;
				CLANG_WARN_UNGUARDED_AVAILABILITY = YES_AGGRESSIVE;
				CLANG_WARN_UNREACHABLE_CODE = YES;
				CLANG_WARN__DUPLICATE_METHOD_MATCH = YES;
				CODE_SIGN_IDENTITY = "iPhone Developer";
				COPY_PHASE_STRIP = NO;
				DEBUG_INFORMATION_FORMAT = "dwarf-with-dsym";
				ENABLE_NS_ASSERTIONS = NO;
				ENABLE_STRICT_OBJC_MSGSEND = YES;
				GCC_C_LANGUAGE_STANDARD = gnu11;
				GCC_NO_COMMON_BLOCKS = YES;
				GCC_WARN_64_TO_32_BIT_CONVERSION = YES;
				GCC_WARN_ABOUT_RETURN_TYPE = YES_ERROR;
				GCC_WARN_UNDECLARED_SELECTOR = YES;
				GCC_WARN_UNINITIALIZED_AUTOS = YES_AGGRESSIVE;
				GCC_WARN_UNUSED_FUNCTION = YES;
				GCC_WARN_UNUSED_VARIABLE = YES;
				IPHONEOS_DEPLOYMENT_TARGET = 11.2;
				MTL_ENABLE_DEBUG_INFO = NO;
				SDKROOT = iphoneos;
				SWIFT_OPTIMIZATION_LEVEL = "-Owholemodule";
				VALIDATE_PRODUCT = YES;
			};
			name = Release;
		};
		AD2A2CC0205C88DE0023D5C8 /* Debug */ = {
			isa = XCBuildConfiguration;
			baseConfigurationReference = E9B269287FF796F4A8BA3F80 /* Pods-InstagramClone.debug.xcconfig */;
			buildSettings = {
				ASSETCATALOG_COMPILER_APPICON_NAME = AppIcon;
				CODE_SIGN_STYLE = Automatic;
				DEVELOPMENT_TEAM = DYZ8Y2U8DB;
				INFOPLIST_FILE = InstagramClone/Info.plist;
				LD_RUNPATH_SEARCH_PATHS = "$(inherited) @executable_path/Frameworks";
				PRODUCT_BUNDLE_IDENTIFIER = com.macgallagher.InstagramClone;
				PRODUCT_NAME = "$(TARGET_NAME)";
				SWIFT_VERSION = 4.0;
				TARGETED_DEVICE_FAMILY = "1,2";
			};
			name = Debug;
		};
		AD2A2CC1205C88DE0023D5C8 /* Release */ = {
			isa = XCBuildConfiguration;
			baseConfigurationReference = 09578B8F3D737CD5AC684ECA /* Pods-InstagramClone.release.xcconfig */;
			buildSettings = {
				ASSETCATALOG_COMPILER_APPICON_NAME = AppIcon;
				CODE_SIGN_STYLE = Automatic;
				DEVELOPMENT_TEAM = DYZ8Y2U8DB;
				INFOPLIST_FILE = InstagramClone/Info.plist;
				LD_RUNPATH_SEARCH_PATHS = "$(inherited) @executable_path/Frameworks";
				PRODUCT_BUNDLE_IDENTIFIER = com.macgallagher.InstagramClone;
				PRODUCT_NAME = "$(TARGET_NAME)";
				SWIFT_VERSION = 4.0;
				TARGETED_DEVICE_FAMILY = "1,2";
			};
			name = Release;
		};
/* End XCBuildConfiguration section */

/* Begin XCConfigurationList section */
		AD2A2CA8205C88DE0023D5C8 /* Build configuration list for PBXProject "InstagramClone" */ = {
			isa = XCConfigurationList;
			buildConfigurations = (
				AD2A2CBD205C88DE0023D5C8 /* Debug */,
				AD2A2CBE205C88DE0023D5C8 /* Release */,
			);
			defaultConfigurationIsVisible = 0;
			defaultConfigurationName = Release;
		};
		AD2A2CBF205C88DE0023D5C8 /* Build configuration list for PBXNativeTarget "InstagramClone" */ = {
			isa = XCConfigurationList;
			buildConfigurations = (
				AD2A2CC0205C88DE0023D5C8 /* Debug */,
				AD2A2CC1205C88DE0023D5C8 /* Release */,
			);
			defaultConfigurationIsVisible = 0;
			defaultConfigurationName = Release;
		};
/* End XCConfigurationList section */
	};
	rootObject = AD2A2CA5205C88DE0023D5C8 /* Project object */;
}
